// !$*UTF8*$!
{
	archiveVersion = 1;
	classes = {
	};
	objectVersion = 50;
	objects = {

/* Begin PBXBuildFile section */
		8223A83523093741001F47A5 /* AppDelegate.swift in Sources */ = {isa = PBXBuildFile; fileRef = 8223A83423093741001F47A5 /* AppDelegate.swift */; };
		8223A83723093741001F47A5 /* ViewController.swift in Sources */ = {isa = PBXBuildFile; fileRef = 8223A83623093741001F47A5 /* ViewController.swift */; };
		8223A83A23093741001F47A5 /* Main.storyboard in Resources */ = {isa = PBXBuildFile; fileRef = 8223A83823093741001F47A5 /* Main.storyboard */; };
		8223A83C23093744001F47A5 /* Assets.xcassets in Resources */ = {isa = PBXBuildFile; fileRef = 8223A83B23093744001F47A5 /* Assets.xcassets */; };
		8223A83F23093744001F47A5 /* LaunchScreen.storyboard in Resources */ = {isa = PBXBuildFile; fileRef = 8223A83D23093744001F47A5 /* LaunchScreen.storyboard */; };
		8223A84A23093744001F47A5 /* xcode_server_testTests.swift in Sources */ = {isa = PBXBuildFile; fileRef = 8223A84923093744001F47A5 /* xcode_server_testTests.swift */; };
		8223A85523093744001F47A5 /* xcode_server_testUITests.swift in Sources */ = {isa = PBXBuildFile; fileRef = 8223A85423093744001F47A5 /* xcode_server_testUITests.swift */; };
/* End PBXBuildFile section */

/* Begin PBXContainerItemProxy section */
		8223A84623093744001F47A5 /* PBXContainerItemProxy */ = {
			isa = PBXContainerItemProxy;
			containerPortal = 8223A82923093741001F47A5 /* Project object */;
			proxyType = 1;
			remoteGlobalIDString = 8223A83023093741001F47A5;
			remoteInfo = "xcode-server-test";
		};
		8223A85123093744001F47A5 /* PBXContainerItemProxy */ = {
			isa = PBXContainerItemProxy;
			containerPortal = 8223A82923093741001F47A5 /* Project object */;
			proxyType = 1;
			remoteGlobalIDString = 8223A83023093741001F47A5;
			remoteInfo = "xcode-server-test";
		};
/* End PBXContainerItemProxy section */

/* Begin PBXFileReference section */
		8223A83123093741001F47A5 /* xcode-server-test.app */ = {isa = PBXFileReference; explicitFileType = wrapper.application; includeInIndex = 0; path = "xcode-server-test.app"; sourceTree = BUILT_PRODUCTS_DIR; };
		8223A83423093741001F47A5 /* AppDelegate.swift */ = {isa = PBXFileReference; lastKnownFileType = sourcecode.swift; path = AppDelegate.swift; sourceTree = "<group>"; };
		8223A83623093741001F47A5 /* ViewController.swift */ = {isa = PBXFileReference; lastKnownFileType = sourcecode.swift; path = ViewController.swift; sourceTree = "<group>"; };
		8223A83923093741001F47A5 /* Base */ = {isa = PBXFileReference; lastKnownFileType = file.storyboard; name = Base; path = Base.lproj/Main.storyboard; sourceTree = "<group>"; };
		8223A83B23093744001F47A5 /* Assets.xcassets */ = {isa = PBXFileReference; lastKnownFileType = folder.assetcatalog; path = Assets.xcassets; sourceTree = "<group>"; };
		8223A83E23093744001F47A5 /* Base */ = {isa = PBXFileReference; lastKnownFileType = file.storyboard; name = Base; path = Base.lproj/LaunchScreen.storyboard; sourceTree = "<group>"; };
		8223A84023093744001F47A5 /* Info.plist */ = {isa = PBXFileReference; lastKnownFileType = text.plist.xml; path = Info.plist; sourceTree = "<group>"; };
		8223A84523093744001F47A5 /* xcode-server-testTests.xctest */ = {isa = PBXFileReference; explicitFileType = wrapper.cfbundle; includeInIndex = 0; path = "xcode-server-testTests.xctest"; sourceTree = BUILT_PRODUCTS_DIR; };
		8223A84923093744001F47A5 /* xcode_server_testTests.swift */ = {isa = PBXFileReference; lastKnownFileType = sourcecode.swift; path = xcode_server_testTests.swift; sourceTree = "<group>"; };
		8223A84B23093744001F47A5 /* Info.plist */ = {isa = PBXFileReference; lastKnownFileType = text.plist.xml; path = Info.plist; sourceTree = "<group>"; };
		8223A85023093744001F47A5 /* xcode-server-testUITests.xctest */ = {isa = PBXFileReference; explicitFileType = wrapper.cfbundle; includeInIndex = 0; path = "xcode-server-testUITests.xctest"; sourceTree = BUILT_PRODUCTS_DIR; };
		8223A85423093744001F47A5 /* xcode_server_testUITests.swift */ = {isa = PBXFileReference; lastKnownFileType = sourcecode.swift; path = xcode_server_testUITests.swift; sourceTree = "<group>"; };
		8223A85623093744001F47A5 /* Info.plist */ = {isa = PBXFileReference; lastKnownFileType = text.plist.xml; path = Info.plist; sourceTree = "<group>"; };
/* End PBXFileReference section */

/* Begin PBXFrameworksBuildPhase section */
		8223A82E23093741001F47A5 /* Frameworks */ = {
			isa = PBXFrameworksBuildPhase;
			buildActionMask = 2147483647;
			files = (
			);
			runOnlyForDeploymentPostprocessing = 0;
		};
		8223A84223093744001F47A5 /* Frameworks */ = {
			isa = PBXFrameworksBuildPhase;
			buildActionMask = 2147483647;
			files = (
			);
			runOnlyForDeploymentPostprocessing = 0;
		};
		8223A84D23093744001F47A5 /* Frameworks */ = {
			isa = PBXFrameworksBuildPhase;
			buildActionMask = 2147483647;
			files = (
			);
			runOnlyForDeploymentPostprocessing = 0;
		};
/* End PBXFrameworksBuildPhase section */

/* Begin PBXGroup section */
		8223A82823093741001F47A5 = {
			isa = PBXGroup;
			children = (
				8223A83323093741001F47A5 /* xcode-server-test */,
				8223A84823093744001F47A5 /* xcode-server-testTests */,
				8223A85323093744001F47A5 /* xcode-server-testUITests */,
				8223A83223093741001F47A5 /* Products */,
			);
			sourceTree = "<group>";
		};
		8223A83223093741001F47A5 /* Products */ = {
			isa = PBXGroup;
			children = (
				8223A83123093741001F47A5 /* xcode-server-test.app */,
				8223A84523093744001F47A5 /* xcode-server-testTests.xctest */,
				8223A85023093744001F47A5 /* xcode-server-testUITests.xctest */,
			);
			name = Products;
			sourceTree = "<group>";
		};
		8223A83323093741001F47A5 /* xcode-server-test */ = {
			isa = PBXGroup;
			children = (
				8223A83423093741001F47A5 /* AppDelegate.swift */,
				8223A83623093741001F47A5 /* ViewController.swift */,
				8223A83823093741001F47A5 /* Main.storyboard */,
				8223A83B23093744001F47A5 /* Assets.xcassets */,
				8223A83D23093744001F47A5 /* LaunchScreen.storyboard */,
				8223A84023093744001F47A5 /* Info.plist */,
			);
			path = "xcode-server-test";
			sourceTree = "<group>";
		};
		8223A84823093744001F47A5 /* xcode-server-testTests */ = {
			isa = PBXGroup;
			children = (
				8223A84923093744001F47A5 /* xcode_server_testTests.swift */,
				8223A84B23093744001F47A5 /* Info.plist */,
			);
			path = "xcode-server-testTests";
			sourceTree = "<group>";
		};
		8223A85323093744001F47A5 /* xcode-server-testUITests */ = {
			isa = PBXGroup;
			children = (
				8223A85423093744001F47A5 /* xcode_server_testUITests.swift */,
				8223A85623093744001F47A5 /* Info.plist */,
			);
			path = "xcode-server-testUITests";
			sourceTree = "<group>";
		};
/* End PBXGroup section */

/* Begin PBXNativeTarget section */
		8223A83023093741001F47A5 /* xcode-server-test */ = {
			isa = PBXNativeTarget;
			buildConfigurationList = 8223A85923093744001F47A5 /* Build configuration list for PBXNativeTarget "xcode-server-test" */;
			buildPhases = (
				8223A82D23093741001F47A5 /* Sources */,
				8223A82E23093741001F47A5 /* Frameworks */,
				8223A82F23093741001F47A5 /* Resources */,
			);
			buildRules = (
			);
			dependencies = (
			);
			name = "xcode-server-test";
			productName = "xcode-server-test";
			productReference = 8223A83123093741001F47A5 /* xcode-server-test.app */;
			productType = "com.apple.product-type.application";
		};
		8223A84423093744001F47A5 /* xcode-server-testTests */ = {
			isa = PBXNativeTarget;
			buildConfigurationList = 8223A85C23093744001F47A5 /* Build configuration list for PBXNativeTarget "xcode-server-testTests" */;
			buildPhases = (
				8223A84123093744001F47A5 /* Sources */,
				8223A84223093744001F47A5 /* Frameworks */,
				8223A84323093744001F47A5 /* Resources */,
			);
			buildRules = (
			);
			dependencies = (
				8223A84723093744001F47A5 /* PBXTargetDependency */,
			);
			name = "xcode-server-testTests";
			productName = "xcode-server-testTests";
			productReference = 8223A84523093744001F47A5 /* xcode-server-testTests.xctest */;
			productType = "com.apple.product-type.bundle.unit-test";
		};
		8223A84F23093744001F47A5 /* xcode-server-testUITests */ = {
			isa = PBXNativeTarget;
			buildConfigurationList = 8223A85F23093744001F47A5 /* Build configuration list for PBXNativeTarget "xcode-server-testUITests" */;
			buildPhases = (
				8223A84C23093744001F47A5 /* Sources */,
				8223A84D23093744001F47A5 /* Frameworks */,
				8223A84E23093744001F47A5 /* Resources */,
			);
			buildRules = (
			);
			dependencies = (
				8223A85223093744001F47A5 /* PBXTargetDependency */,
			);
			name = "xcode-server-testUITests";
			productName = "xcode-server-testUITests";
			productReference = 8223A85023093744001F47A5 /* xcode-server-testUITests.xctest */;
			productType = "com.apple.product-type.bundle.ui-testing";
		};
/* End PBXNativeTarget section */

/* Begin PBXProject section */
		8223A82923093741001F47A5 /* Project object */ = {
			isa = PBXProject;
			attributes = {
				LastSwiftUpdateCheck = 1030;
				LastUpgradeCheck = 1030;
				ORGANIZATIONNAME = tomoyukim;
				TargetAttributes = {
					8223A83023093741001F47A5 = {
						CreatedOnToolsVersion = 10.3;
					};
					8223A84423093744001F47A5 = {
						CreatedOnToolsVersion = 10.3;
						TestTargetID = 8223A83023093741001F47A5;
					};
					8223A84F23093744001F47A5 = {
						CreatedOnToolsVersion = 10.3;
						TestTargetID = 8223A83023093741001F47A5;
					};
				};
			};
			buildConfigurationList = 8223A82C23093741001F47A5 /* Build configuration list for PBXProject "xcode-server-test" */;
			compatibilityVersion = "Xcode 9.3";
			developmentRegion = en;
			hasScannedForEncodings = 0;
			knownRegions = (
				en,
				Base,
			);
			mainGroup = 8223A82823093741001F47A5;
			productRefGroup = 8223A83223093741001F47A5 /* Products */;
			projectDirPath = "";
			projectRoot = "";
			targets = (
				8223A83023093741001F47A5 /* xcode-server-test */,
				8223A84423093744001F47A5 /* xcode-server-testTests */,
				8223A84F23093744001F47A5 /* xcode-server-testUITests */,
			);
		};
/* End PBXProject section */

/* Begin PBXResourcesBuildPhase section */
		8223A82F23093741001F47A5 /* Resources */ = {
			isa = PBXResourcesBuildPhase;
			buildActionMask = 2147483647;
			files = (
				8223A83F23093744001F47A5 /* LaunchScreen.storyboard in Resources */,
				8223A83C23093744001F47A5 /* Assets.xcassets in Resources */,
				8223A83A23093741001F47A5 /* Main.storyboard in Resources */,
			);
			runOnlyForDeploymentPostprocessing = 0;
		};
		8223A84323093744001F47A5 /* Resources */ = {
			isa = PBXResourcesBuildPhase;
			buildActionMask = 2147483647;
			files = (
			);
			runOnlyForDeploymentPostprocessing = 0;
		};
		8223A84E23093744001F47A5 /* Resources */ = {
			isa = PBXResourcesBuildPhase;
			buildActionMask = 2147483647;
			files = (
			);
			runOnlyForDeploymentPostprocessing = 0;
		};
/* End PBXResourcesBuildPhase section */

/* Begin PBXSourcesBuildPhase section */
		8223A82D23093741001F47A5 /* Sources */ = {
			isa = PBXSourcesBuildPhase;
			buildActionMask = 2147483647;
			files = (
				8223A83723093741001F47A5 /* ViewController.swift in Sources */,
				8223A83523093741001F47A5 /* AppDelegate.swift in Sources */,
			);
			runOnlyForDeploymentPostprocessing = 0;
		};
		8223A84123093744001F47A5 /* Sources */ = {
			isa = PBXSourcesBuildPhase;
			buildActionMask = 2147483647;
			files = (
				8223A84A23093744001F47A5 /* xcode_server_testTests.swift in Sources */,
			);
			runOnlyForDeploymentPostprocessing = 0;
		};
		8223A84C23093744001F47A5 /* Sources */ = {
			isa = PBXSourcesBuildPhase;
			buildActionMask = 2147483647;
			files = (
				8223A85523093744001F47A5 /* xcode_server_testUITests.swift in Sources */,
			);
			runOnlyForDeploymentPostprocessing = 0;
		};
/* End PBXSourcesBuildPhase section */

/* Begin PBXTargetDependency section */
		8223A84723093744001F47A5 /* PBXTargetDependency */ = {
			isa = PBXTargetDependency;
			target = 8223A83023093741001F47A5 /* xcode-server-test */;
			targetProxy = 8223A84623093744001F47A5 /* PBXContainerItemProxy */;
		};
		8223A85223093744001F47A5 /* PBXTargetDependency */ = {
			isa = PBXTargetDependency;
			target = 8223A83023093741001F47A5 /* xcode-server-test */;
			targetProxy = 8223A85123093744001F47A5 /* PBXContainerItemProxy */;
		};
/* End PBXTargetDependency section */

/* Begin PBXVariantGroup section */
		8223A83823093741001F47A5 /* Main.storyboard */ = {
			isa = PBXVariantGroup;
			children = (
				8223A83923093741001F47A5 /* Base */,
			);
			name = Main.storyboard;
			sourceTree = "<group>";
		};
		8223A83D23093744001F47A5 /* LaunchScreen.storyboard */ = {
			isa = PBXVariantGroup;
			children = (
				8223A83E23093744001F47A5 /* Base */,
			);
			name = LaunchScreen.storyboard;
			sourceTree = "<group>";
		};
/* End PBXVariantGroup section */

/* Begin XCBuildConfiguration section */
		8223A85723093744001F47A5 /* Debug */ = {
			isa = XCBuildConfiguration;
			buildSettings = {
				ALWAYS_SEARCH_USER_PATHS = NO;
				CLANG_ANALYZER_NONNULL = YES;
				CLANG_ANALYZER_NUMBER_OBJECT_CONVERSION = YES_AGGRESSIVE;
				CLANG_CXX_LANGUAGE_STANDARD = "gnu++14";
				CLANG_CXX_LIBRARY = "libc++";
				CLANG_ENABLE_MODULES = YES;
				CLANG_ENABLE_OBJC_ARC = YES;
				CLANG_ENABLE_OBJC_WEAK = YES;
				CLANG_WARN_BLOCK_CAPTURE_AUTORELEASING = YES;
				CLANG_WARN_BOOL_CONVERSION = YES;
				CLANG_WARN_COMMA = YES;
				CLANG_WARN_CONSTANT_CONVERSION = YES;
				CLANG_WARN_DEPRECATED_OBJC_IMPLEMENTATIONS = YES;
				CLANG_WARN_DIRECT_OBJC_ISA_USAGE = YES_ERROR;
				CLANG_WARN_DOCUMENTATION_COMMENTS = YES;
				CLANG_WARN_EMPTY_BODY = YES;
				CLANG_WARN_ENUM_CONVERSION = YES;
				CLANG_WARN_INFINITE_RECURSION = YES;
				CLANG_WARN_INT_CONVERSION = YES;
				CLANG_WARN_NON_LITERAL_NULL_CONVERSION = YES;
				CLANG_WARN_OBJC_IMPLICIT_RETAIN_SELF = YES;
				CLANG_WARN_OBJC_LITERAL_CONVERSION = YES;
				CLANG_WARN_OBJC_ROOT_CLASS = YES_ERROR;
				CLANG_WARN_RANGE_LOOP_ANALYSIS = YES;
				CLANG_WARN_STRICT_PROTOTYPES = YES;
				CLANG_WARN_SUSPICIOUS_MOVE = YES;
				CLANG_WARN_UNGUARDED_AVAILABILITY = YES_AGGRESSIVE;
				CLANG_WARN_UNREACHABLE_CODE = YES;
				CLANG_WARN__DUPLICATE_METHOD_MATCH = YES;
				CODE_SIGN_IDENTITY = "iPhone Developer";
				COPY_PHASE_STRIP = NO;
				DEBUG_INFORMATION_FORMAT = dwarf;
				ENABLE_STRICT_OBJC_MSGSEND = YES;
				ENABLE_TESTABILITY = YES;
				GCC_C_LANGUAGE_STANDARD = gnu11;
				GCC_DYNAMIC_NO_PIC = NO;
				GCC_NO_COMMON_BLOCKS = YES;
				GCC_OPTIMIZATION_LEVEL = 0;
				GCC_PREPROCESSOR_DEFINITIONS = (
					"DEBUG=1",
					"$(inherited)",
				);
				GCC_WARN_64_TO_32_BIT_CONVERSION = YES;
				GCC_WARN_ABOUT_RETURN_TYPE = YES_ERROR;
				GCC_WARN_UNDECLARED_SELECTOR = YES;
				GCC_WARN_UNINITIALIZED_AUTOS = YES_AGGRESSIVE;
				GCC_WARN_UNUSED_FUNCTION = YES;
				GCC_WARN_UNUSED_VARIABLE = YES;
				IPHONEOS_DEPLOYMENT_TARGET = 12.4;
				MTL_ENABLE_DEBUG_INFO = INCLUDE_SOURCE;
				MTL_FAST_MATH = YES;
				ONLY_ACTIVE_ARCH = YES;
				SDKROOT = iphoneos;
				SWIFT_ACTIVE_COMPILATION_CONDITIONS = DEBUG;
				SWIFT_OPTIMIZATION_LEVEL = "-Onone";
			};
			name = Debug;
		};
		8223A85823093744001F47A5 /* Release */ = {
			isa = XCBuildConfiguration;
			buildSettings = {
				ALWAYS_SEARCH_USER_PATHS = NO;
				CLANG_ANALYZER_NONNULL = YES;
				CLANG_ANALYZER_NUMBER_OBJECT_CONVERSION = YES_AGGRESSIVE;
				CLANG_CXX_LANGUAGE_STANDARD = "gnu++14";
				CLANG_CXX_LIBRARY = "libc++";
				CLANG_ENABLE_MODULES = YES;
				CLANG_ENABLE_OBJC_ARC = YES;
				CLANG_ENABLE_OBJC_WEAK = YES;
				CLANG_WARN_BLOCK_CAPTURE_AUTORELEASING = YES;
				CLANG_WARN_BOOL_CONVERSION = YES;
				CLANG_WARN_COMMA = YES;
				CLANG_WARN_CONSTANT_CONVERSION = YES;
				CLANG_WARN_DEPRECATED_OBJC_IMPLEMENTATIONS = YES;
				CLANG_WARN_DIRECT_OBJC_ISA_USAGE = YES_ERROR;
				CLANG_WARN_DOCUMENTATION_COMMENTS = YES;
				CLANG_WARN_EMPTY_BODY = YES;
				CLANG_WARN_ENUM_CONVERSION = YES;
				CLANG_WARN_INFINITE_RECURSION = YES;
				CLANG_WARN_INT_CONVERSION = YES;
				CLANG_WARN_NON_LITERAL_NULL_CONVERSION = YES;
				CLANG_WARN_OBJC_IMPLICIT_RETAIN_SELF = YES;
				CLANG_WARN_OBJC_LITERAL_CONVERSION = YES;
				CLANG_WARN_OBJC_ROOT_CLASS = YES_ERROR;
				CLANG_WARN_RANGE_LOOP_ANALYSIS = YES;
				CLANG_WARN_STRICT_PROTOTYPES = YES;
				CLANG_WARN_SUSPICIOUS_MOVE = YES;
				CLANG_WARN_UNGUARDED_AVAILABILITY = YES_AGGRESSIVE;
				CLANG_WARN_UNREACHABLE_CODE = YES;
				CLANG_WARN__DUPLICATE_METHOD_MATCH = YES;
				CODE_SIGN_IDENTITY = "iPhone Developer";
				COPY_PHASE_STRIP = NO;
				DEBUG_INFORMATION_FORMAT = "dwarf-with-dsym";
				ENABLE_NS_ASSERTIONS = NO;
				ENABLE_STRICT_OBJC_MSGSEND = YES;
				GCC_C_LANGUAGE_STANDARD = gnu11;
				GCC_NO_COMMON_BLOCKS = YES;
				GCC_WARN_64_TO_32_BIT_CONVERSION = YES;
				GCC_WARN_ABOUT_RETURN_TYPE = YES_ERROR;
				GCC_WARN_UNDECLARED_SELECTOR = YES;
				GCC_WARN_UNINITIALIZED_AUTOS = YES_AGGRESSIVE;
				GCC_WARN_UNUSED_FUNCTION = YES;
				GCC_WARN_UNUSED_VARIABLE = YES;
				IPHONEOS_DEPLOYMENT_TARGET = 12.4;
				MTL_ENABLE_DEBUG_INFO = NO;
				MTL_FAST_MATH = YES;
				SDKROOT = iphoneos;
				SWIFT_COMPILATION_MODE = wholemodule;
				SWIFT_OPTIMIZATION_LEVEL = "-O";
				VALIDATE_PRODUCT = YES;
			};
			name = Release;
		};
		8223A85A23093744001F47A5 /* Debug */ = {
			isa = XCBuildConfiguration;
			buildSettings = {
				ASSETCATALOG_COMPILER_APPICON_NAME = AppIcon;
				CODE_SIGN_STYLE = Automatic;
				INFOPLIST_FILE = "xcode-server-test/Info.plist";
				LD_RUNPATH_SEARCH_PATHS = (
					"$(inherited)",
					"@executable_path/Frameworks",
				);
				PRODUCT_BUNDLE_IDENTIFIER = "net.tomoyukim.xcode-server-test";
				PRODUCT_NAME = "$(TARGET_NAME)";
				SWIFT_VERSION = 5.0;
				TARGETED_DEVICE_FAMILY = "1,2";
			};
			name = Debug;
		};
		8223A85B23093744001F47A5 /* Release */ = {
			isa = XCBuildConfiguration;
			buildSettings = {
				ASSETCATALOG_COMPILER_APPICON_NAME = AppIcon;
				CODE_SIGN_STYLE = Automatic;
				INFOPLIST_FILE = "xcode-server-test/Info.plist";
				LD_RUNPATH_SEARCH_PATHS = (
					"$(inherited)",
					"@executable_path/Frameworks",
				);
				PRODUCT_BUNDLE_IDENTIFIER = "net.tomoyukim.xcode-server-test";
				PRODUCT_NAME = "$(TARGET_NAME)";
				SWIFT_VERSION = 5.0;
				TARGETED_DEVICE_FAMILY = "1,2";
			};
			name = Release;
		};
		8223A85D23093744001F47A5 /* Debug */ = {
			isa = XCBuildConfiguration;
			buildSettings = {
				ALWAYS_EMBED_SWIFT_STANDARD_LIBRARIES = YES;
				BUNDLE_LOADER = "$(TEST_HOST)";
				CODE_SIGN_STYLE = Automatic;
				INFOPLIST_FILE = "xcode-server-testTests/Info.plist";
				LD_RUNPATH_SEARCH_PATHS = (
					"$(inherited)",
					"@executable_path/Frameworks",
					"@loader_path/Frameworks",
				);
				PRODUCT_BUNDLE_IDENTIFIER = "net.tomoyukim.xcode-server-testTests";
				PRODUCT_NAME = "$(TARGET_NAME)";
				SWIFT_VERSION = 5.0;
				TARGETED_DEVICE_FAMILY = "1,2";
				TEST_HOST = "$(BUILT_PRODUCTS_DIR)/xcode-server-test.app/xcode-server-test";
			};
			name = Debug;
		};
		8223A85E23093744001F47A5 /* Release */ = {
			isa = XCBuildConfiguration;
			buildSettings = {
				ALWAYS_EMBED_SWIFT_STANDARD_LIBRARIES = YES;
				BUNDLE_LOADER = "$(TEST_HOST)";
				CODE_SIGN_STYLE = Automatic;
				INFOPLIST_FILE = "xcode-server-testTests/Info.plist";
				LD_RUNPATH_SEARCH_PATHS = (
					"$(inherited)",
					"@executable_path/Frameworks",
					"@loader_path/Frameworks",
				);
				PRODUCT_BUNDLE_IDENTIFIER = "net.tomoyukim.xcode-server-testTests";
				PRODUCT_NAME = "$(TARGET_NAME)";
				SWIFT_VERSION = 5.0;
				TARGETED_DEVICE_FAMILY = "1,2";
				TEST_HOST = "$(BUILT_PRODUCTS_DIR)/xcode-server-test.app/xcode-server-test";
			};
			name = Release;
		};
		8223A86023093744001F47A5 /* Debug */ = {
			isa = XCBuildConfiguration;
			buildSettings = {
				ALWAYS_EMBED_SWIFT_STANDARD_LIBRARIES = YES;
				CODE_SIGN_STYLE = Automatic;
				INFOPLIST_FILE = "xcode-server-testUITests/Info.plist";
				LD_RUNPATH_SEARCH_PATHS = (
					"$(inherited)",
					"@executable_path/Frameworks",
					"@loader_path/Frameworks",
				);
				PRODUCT_BUNDLE_IDENTIFIER = "net.tomoyukim.xcode-server-testUITests";
				PRODUCT_NAME = "$(TARGET_NAME)";
				SWIFT_VERSION = 5.0;
				TARGETED_DEVICE_FAMILY = "1,2";
				TEST_TARGET_NAME = "xcode-server-test";
			};
			name = Debug;
		};
		8223A86123093744001F47A5 /* Release */ = {
			isa = XCBuildConfiguration;
			buildSettings = {
				ALWAYS_EMBED_SWIFT_STANDARD_LIBRARIES = YES;
				CODE_SIGN_STYLE = Automatic;
				INFOPLIST_FILE = "xcode-server-testUITests/Info.plist";
				LD_RUNPATH_SEARCH_PATHS = (
					"$(inherited)",
					"@executable_path/Frameworks",
					"@loader_path/Frameworks",
				);
				PRODUCT_BUNDLE_IDENTIFIER = "net.tomoyukim.xcode-server-testUITests";
				PRODUCT_NAME = "$(TARGET_NAME)";
				SWIFT_VERSION = 5.0;
				TARGETED_DEVICE_FAMILY = "1,2";
				TEST_TARGET_NAME = "xcode-server-test";
			};
			name = Release;
		};
/* End XCBuildConfiguration section */

/* Begin XCConfigurationList section */
		8223A82C23093741001F47A5 /* Build configuration list for PBXProject "xcode-server-test" */ = {
			isa = XCConfigurationList;
			buildConfigurations = (
				8223A85723093744001F47A5 /* Debug */,
				8223A85823093744001F47A5 /* Release */,
			);
			defaultConfigurationIsVisible = 0;
			defaultConfigurationName = Release;
		};
		8223A85923093744001F47A5 /* Build configuration list for PBXNativeTarget "xcode-server-test" */ = {
			isa = XCConfigurationList;
			buildConfigurations = (
				8223A85A23093744001F47A5 /* Debug */,
				8223A85B23093744001F47A5 /* Release */,
			);
			defaultConfigurationIsVisible = 0;
			defaultConfigurationName = Release;
		};
		8223A85C23093744001F47A5 /* Build configuration list for PBXNativeTarget "xcode-server-testTests" */ = {
			isa = XCConfigurationList;
			buildConfigurations = (
				8223A85D23093744001F47A5 /* Debug */,
				8223A85E23093744001F47A5 /* Release */,
			);
			defaultConfigurationIsVisible = 0;
			defaultConfigurationName = Release;
		};
		8223A85F23093744001F47A5 /* Build configuration list for PBXNativeTarget "xcode-server-testUITests" */ = {
			isa = XCConfigurationList;
			buildConfigurations = (
				8223A86023093744001F47A5 /* Debug */,
				8223A86123093744001F47A5 /* Release */,
			);
			defaultConfigurationIsVisible = 0;
			defaultConfigurationName = Release;
		};
/* End XCConfigurationList section */
	};
	rootObject = 8223A82923093741001F47A5 /* Project object */;
}
